// !$*UTF8*$!
{
	archiveVersion = 1;
	classes = {
	};
	objectVersion = 50;
	objects = {

/* Begin PBXBuildFile section */
		6F5EFE1524109AD900029DF7 /* RedditOAuthHandler.swift in Sources */ = {isa = PBXBuildFile; fileRef = 6F5EFE1424109AD900029DF7 /* RedditOAuthHandler.swift */; };
		6FAB56CE2411B3D800EDC6E2 /* RedditAPI.swift in Sources */ = {isa = PBXBuildFile; fileRef = 6FAB56CD2411B3D800EDC6E2 /* RedditAPI.swift */; };
		6FB2C9FB2411B54A00902C79 /* AccessTokenResponse.swift in Sources */ = {isa = PBXBuildFile; fileRef = 6FB2C9FA2411B54A00902C79 /* AccessTokenResponse.swift */; };
		6FB2C9FD2411B58A00902C79 /* RedditRepository.swift in Sources */ = {isa = PBXBuildFile; fileRef = 6FB2C9FC2411B58A00902C79 /* RedditRepository.swift */; };
		6FB2CA002411B64700902C79 /* AppDependencies.swift in Sources */ = {isa = PBXBuildFile; fileRef = 6FB2C9FF2411B64700902C79 /* AppDependencies.swift */; };
		6FBCEECA240F3F45008EBD4A /* AppDelegate.swift in Sources */ = {isa = PBXBuildFile; fileRef = 6FBCEEC9240F3F45008EBD4A /* AppDelegate.swift */; };
		6FBCEECC240F3F45008EBD4A /* SceneDelegate.swift in Sources */ = {isa = PBXBuildFile; fileRef = 6FBCEECB240F3F45008EBD4A /* SceneDelegate.swift */; };
		6FBCEECE240F3F45008EBD4A /* LoginViewController.swift in Sources */ = {isa = PBXBuildFile; fileRef = 6FBCEECD240F3F45008EBD4A /* LoginViewController.swift */; };
		6FBCEED1240F3F45008EBD4A /* Auth.storyboard in Resources */ = {isa = PBXBuildFile; fileRef = 6FBCEECF240F3F45008EBD4A /* Auth.storyboard */; };
		6FBCEED3240F3F49008EBD4A /* Assets.xcassets in Resources */ = {isa = PBXBuildFile; fileRef = 6FBCEED2240F3F49008EBD4A /* Assets.xcassets */; };
		6FBCEED6240F3F49008EBD4A /* LaunchScreen.storyboard in Resources */ = {isa = PBXBuildFile; fileRef = 6FBCEED4240F3F49008EBD4A /* LaunchScreen.storyboard */; };
		6FD2340C2411C0EC00C5DC48 /* UserDefaultsHandler.swift in Sources */ = {isa = PBXBuildFile; fileRef = 6FD2340B2411C0EC00C5DC48 /* UserDefaultsHandler.swift */; };
		6FE2D9D62412D9D000A64866 /* PostsViewController.swift in Sources */ = {isa = PBXBuildFile; fileRef = 6FE2D9D52412D9D000A64866 /* PostsViewController.swift */; };
		6FE2D9D92412DA1400A64866 /* Storyboarded.swift in Sources */ = {isa = PBXBuildFile; fileRef = 6FE2D9D82412DA1400A64866 /* Storyboarded.swift */; };
		6FE2D9DB2412DA4A00A64866 /* Main.storyboard in Resources */ = {isa = PBXBuildFile; fileRef = 6FE2D9DA2412DA4A00A64866 /* Main.storyboard */; };
		6FE2D9DD2412E7E800A64866 /* Thing.swift in Sources */ = {isa = PBXBuildFile; fileRef = 6FE2D9DC2412E7E800A64866 /* Thing.swift */; };
		6FE2D9DF2412E88F00A64866 /* Listing.swift in Sources */ = {isa = PBXBuildFile; fileRef = 6FE2D9DE2412E88F00A64866 /* Listing.swift */; };
		6FE2D9E12412E9ED00A64866 /* Post.swift in Sources */ = {isa = PBXBuildFile; fileRef = 6FE2D9E02412E9ED00A64866 /* Post.swift */; };
/* End PBXBuildFile section */

/* Begin PBXFileReference section */
		6F5EFE1424109AD900029DF7 /* RedditOAuthHandler.swift */ = {isa = PBXFileReference; lastKnownFileType = sourcecode.swift; path = RedditOAuthHandler.swift; sourceTree = "<group>"; };
		6FAB56CD2411B3D800EDC6E2 /* RedditAPI.swift */ = {isa = PBXFileReference; lastKnownFileType = sourcecode.swift; path = RedditAPI.swift; sourceTree = "<group>"; };
		6FB2C9FA2411B54A00902C79 /* AccessTokenResponse.swift */ = {isa = PBXFileReference; lastKnownFileType = sourcecode.swift; path = AccessTokenResponse.swift; sourceTree = "<group>"; };
		6FB2C9FC2411B58A00902C79 /* RedditRepository.swift */ = {isa = PBXFileReference; lastKnownFileType = sourcecode.swift; path = RedditRepository.swift; sourceTree = "<group>"; };
		6FB2C9FF2411B64700902C79 /* AppDependencies.swift */ = {isa = PBXFileReference; lastKnownFileType = sourcecode.swift; path = AppDependencies.swift; sourceTree = "<group>"; };
		6FBCEEC6240F3F45008EBD4A /* RedditApp.app */ = {isa = PBXFileReference; explicitFileType = wrapper.application; includeInIndex = 0; path = RedditApp.app; sourceTree = BUILT_PRODUCTS_DIR; };
		6FBCEEC9240F3F45008EBD4A /* AppDelegate.swift */ = {isa = PBXFileReference; lastKnownFileType = sourcecode.swift; path = AppDelegate.swift; sourceTree = "<group>"; };
		6FBCEECB240F3F45008EBD4A /* SceneDelegate.swift */ = {isa = PBXFileReference; lastKnownFileType = sourcecode.swift; path = SceneDelegate.swift; sourceTree = "<group>"; };
		6FBCEECD240F3F45008EBD4A /* LoginViewController.swift */ = {isa = PBXFileReference; lastKnownFileType = sourcecode.swift; path = LoginViewController.swift; sourceTree = "<group>"; };
		6FBCEED0240F3F45008EBD4A /* Base */ = {isa = PBXFileReference; lastKnownFileType = file.storyboard; name = Base; path = Base.lproj/Auth.storyboard; sourceTree = "<group>"; };
		6FBCEED2240F3F49008EBD4A /* Assets.xcassets */ = {isa = PBXFileReference; lastKnownFileType = folder.assetcatalog; path = Assets.xcassets; sourceTree = "<group>"; };
		6FBCEED5240F3F49008EBD4A /* Base */ = {isa = PBXFileReference; lastKnownFileType = file.storyboard; name = Base; path = Base.lproj/LaunchScreen.storyboard; sourceTree = "<group>"; };
		6FBCEED7240F3F49008EBD4A /* Info.plist */ = {isa = PBXFileReference; lastKnownFileType = text.plist.xml; path = Info.plist; sourceTree = "<group>"; };
		6FD2340B2411C0EC00C5DC48 /* UserDefaultsHandler.swift */ = {isa = PBXFileReference; lastKnownFileType = sourcecode.swift; path = UserDefaultsHandler.swift; sourceTree = "<group>"; };
		6FE2D9D52412D9D000A64866 /* PostsViewController.swift */ = {isa = PBXFileReference; lastKnownFileType = sourcecode.swift; path = PostsViewController.swift; sourceTree = "<group>"; };
		6FE2D9D82412DA1400A64866 /* Storyboarded.swift */ = {isa = PBXFileReference; lastKnownFileType = sourcecode.swift; path = Storyboarded.swift; sourceTree = "<group>"; };
		6FE2D9DA2412DA4A00A64866 /* Main.storyboard */ = {isa = PBXFileReference; lastKnownFileType = file.storyboard; path = Main.storyboard; sourceTree = "<group>"; };
		6FE2D9DC2412E7E800A64866 /* Thing.swift */ = {isa = PBXFileReference; lastKnownFileType = sourcecode.swift; path = Thing.swift; sourceTree = "<group>"; };
		6FE2D9DE2412E88F00A64866 /* Listing.swift */ = {isa = PBXFileReference; lastKnownFileType = sourcecode.swift; path = Listing.swift; sourceTree = "<group>"; };
		6FE2D9E02412E9ED00A64866 /* Post.swift */ = {isa = PBXFileReference; lastKnownFileType = sourcecode.swift; path = Post.swift; sourceTree = "<group>"; };
/* End PBXFileReference section */

/* Begin PBXFrameworksBuildPhase section */
		6FBCEEC3240F3F45008EBD4A /* Frameworks */ = {
			isa = PBXFrameworksBuildPhase;
			buildActionMask = 2147483647;
			files = (
			);
			runOnlyForDeploymentPostprocessing = 0;
		};
/* End PBXFrameworksBuildPhase section */

/* Begin PBXGroup section */
		6F5EFE1324109AC900029DF7 /* Handlers */ = {
			isa = PBXGroup;
			children = (
				6F5EFE1424109AD900029DF7 /* RedditOAuthHandler.swift */,
				6FD2340B2411C0EC00C5DC48 /* UserDefaultsHandler.swift */,
			);
			path = Handlers;
			sourceTree = "<group>";
		};
		6FB2C9F92411B53500902C79 /* Models */ = {
			isa = PBXGroup;
			children = (
				6FB2C9FA2411B54A00902C79 /* AccessTokenResponse.swift */,
				6FE2D9DC2412E7E800A64866 /* Thing.swift */,
				6FE2D9DE2412E88F00A64866 /* Listing.swift */,
				6FE2D9E02412E9ED00A64866 /* Post.swift */,
			);
			path = Models;
			sourceTree = "<group>";
		};
		6FB2C9FE2411B63D00902C79 /* Foundation */ = {
			isa = PBXGroup;
			children = (
				6FE2D9D72412DA0400A64866 /* Extentions */,
				6FE2D9D82412DA1400A64866 /* Storyboarded.swift */,
				6FB2C9FF2411B64700902C79 /* AppDependencies.swift */,
			);
			path = Foundation;
			sourceTree = "<group>";
		};
		6FBCEEBD240F3F44008EBD4A = {
			isa = PBXGroup;
			children = (
				6FBCEEC8240F3F45008EBD4A /* RedditApp */,
				6FBCEEC7240F3F45008EBD4A /* Products */,
			);
			sourceTree = "<group>";
		};
		6FBCEEC7240F3F45008EBD4A /* Products */ = {
			isa = PBXGroup;
			children = (
				6FBCEEC6240F3F45008EBD4A /* RedditApp.app */,
			);
			name = Products;
			sourceTree = "<group>";
		};
		6FBCEEC8240F3F45008EBD4A /* RedditApp */ = {
			isa = PBXGroup;
			children = (
				6FBCEEDD240F3F58008EBD4A /* Data */,
				6FBCEED7240F3F49008EBD4A /* Info.plist */,
				6FBCEEDE240F3F5E008EBD4A /* Presentation */,
			);
			path = RedditApp;
			sourceTree = "<group>";
		};
		6FBCEEDD240F3F58008EBD4A /* Data */ = {
			isa = PBXGroup;
			children = (
				6FB2C9F92411B53500902C79 /* Models */,
				6FAB56CD2411B3D800EDC6E2 /* RedditAPI.swift */,
				6FB2C9FC2411B58A00902C79 /* RedditRepository.swift */,
			);
			path = Data;
			sourceTree = "<group>";
		};
		6FBCEEDE240F3F5E008EBD4A /* Presentation */ = {
			isa = PBXGroup;
			children = (
				6FE2D9D22412D99D00A64866 /* Modules */,
				6FB2C9FE2411B63D00902C79 /* Foundation */,
				6F5EFE1324109AC900029DF7 /* Handlers */,
				6FBCEEC9240F3F45008EBD4A /* AppDelegate.swift */,
				6FBCEECB240F3F45008EBD4A /* SceneDelegate.swift */,
				6FBCEED2240F3F49008EBD4A /* Assets.xcassets */,
				6FBCEED4240F3F49008EBD4A /* LaunchScreen.storyboard */,
			);
			path = Presentation;
			sourceTree = "<group>";
		};
		6FE2D9D22412D99D00A64866 /* Modules */ = {
			isa = PBXGroup;
			children = (
				6FE2D9D42412D9AC00A64866 /* Main */,
				6FE2D9D32412D9A400A64866 /* Auth */,
			);
			path = Modules;
			sourceTree = "<group>";
		};
		6FE2D9D32412D9A400A64866 /* Auth */ = {
			isa = PBXGroup;
			children = (
				6FBCEECF240F3F45008EBD4A /* Auth.storyboard */,
				6FBCEECD240F3F45008EBD4A /* LoginViewController.swift */,
			);
			path = Auth;
			sourceTree = "<group>";
		};
		6FE2D9D42412D9AC00A64866 /* Main */ = {
			isa = PBXGroup;
			children = (
				6FE2D9D52412D9D000A64866 /* PostsViewController.swift */,
				6FE2D9DA2412DA4A00A64866 /* Main.storyboard */,
			);
			path = Main;
			sourceTree = "<group>";
		};
		6FE2D9D72412DA0400A64866 /* Extentions */ = {
			isa = PBXGroup;
			children = (
			);
			path = Extentions;
			sourceTree = "<group>";
		};
/* End PBXGroup section */

/* Begin PBXNativeTarget section */
		6FBCEEC5240F3F45008EBD4A /* RedditApp */ = {
			isa = PBXNativeTarget;
			buildConfigurationList = 6FBCEEDA240F3F49008EBD4A /* Build configuration list for PBXNativeTarget "RedditApp" */;
			buildPhases = (
				6FBCEEC2240F3F45008EBD4A /* Sources */,
				6FBCEEC3240F3F45008EBD4A /* Frameworks */,
				6FBCEEC4240F3F45008EBD4A /* Resources */,
			);
			buildRules = (
			);
			dependencies = (
			);
			name = RedditApp;
			productName = RedditApp;
			productReference = 6FBCEEC6240F3F45008EBD4A /* RedditApp.app */;
			productType = "com.apple.product-type.application";
		};
/* End PBXNativeTarget section */

/* Begin PBXProject section */
		6FBCEEBE240F3F44008EBD4A /* Project object */ = {
			isa = PBXProject;
			attributes = {
				LastSwiftUpdateCheck = 1130;
				LastUpgradeCheck = 1130;
				ORGANIZATIONNAME = "Manuel Munoz";
				TargetAttributes = {
					6FBCEEC5240F3F45008EBD4A = {
						CreatedOnToolsVersion = 11.3.1;
					};
				};
			};
			buildConfigurationList = 6FBCEEC1240F3F44008EBD4A /* Build configuration list for PBXProject "RedditApp" */;
			compatibilityVersion = "Xcode 9.3";
			developmentRegion = en;
			hasScannedForEncodings = 0;
			knownRegions = (
				en,
				Base,
			);
			mainGroup = 6FBCEEBD240F3F44008EBD4A;
			productRefGroup = 6FBCEEC7240F3F45008EBD4A /* Products */;
			projectDirPath = "";
			projectRoot = "";
			targets = (
				6FBCEEC5240F3F45008EBD4A /* RedditApp */,
			);
		};
/* End PBXProject section */

/* Begin PBXResourcesBuildPhase section */
		6FBCEEC4240F3F45008EBD4A /* Resources */ = {
			isa = PBXResourcesBuildPhase;
			buildActionMask = 2147483647;
			files = (
				6FBCEED6240F3F49008EBD4A /* LaunchScreen.storyboard in Resources */,
				6FBCEED3240F3F49008EBD4A /* Assets.xcassets in Resources */,
				6FBCEED1240F3F45008EBD4A /* Auth.storyboard in Resources */,
				6FE2D9DB2412DA4A00A64866 /* Main.storyboard in Resources */,
			);
			runOnlyForDeploymentPostprocessing = 0;
		};
/* End PBXResourcesBuildPhase section */

/* Begin PBXSourcesBuildPhase section */
		6FBCEEC2240F3F45008EBD4A /* Sources */ = {
			isa = PBXSourcesBuildPhase;
			buildActionMask = 2147483647;
			files = (
				6FB2CA002411B64700902C79 /* AppDependencies.swift in Sources */,
				6FD2340C2411C0EC00C5DC48 /* UserDefaultsHandler.swift in Sources */,
				6FB2C9FB2411B54A00902C79 /* AccessTokenResponse.swift in Sources */,
				6FBCEECE240F3F45008EBD4A /* LoginViewController.swift in Sources */,
				6FE2D9DD2412E7E800A64866 /* Thing.swift in Sources */,
				6FE2D9E12412E9ED00A64866 /* Post.swift in Sources */,
				6FE2D9D62412D9D000A64866 /* PostsViewController.swift in Sources */,
				6FAB56CE2411B3D800EDC6E2 /* RedditAPI.swift in Sources */,
				6FE2D9DF2412E88F00A64866 /* Listing.swift in Sources */,
				6FB2C9FD2411B58A00902C79 /* RedditRepository.swift in Sources */,
				6FE2D9D92412DA1400A64866 /* Storyboarded.swift in Sources */,
				6FBCEECA240F3F45008EBD4A /* AppDelegate.swift in Sources */,
				6F5EFE1524109AD900029DF7 /* RedditOAuthHandler.swift in Sources */,
				6FBCEECC240F3F45008EBD4A /* SceneDelegate.swift in Sources */,
			);
			runOnlyForDeploymentPostprocessing = 0;
		};
/* End PBXSourcesBuildPhase section */

/* Begin PBXVariantGroup section */
		6FBCEECF240F3F45008EBD4A /* Auth.storyboard */ = {
			isa = PBXVariantGroup;
			children = (
				6FBCEED0240F3F45008EBD4A /* Base */,
			);
			name = Auth.storyboard;
			sourceTree = "<group>";
		};
		6FBCEED4240F3F49008EBD4A /* LaunchScreen.storyboard */ = {
			isa = PBXVariantGroup;
			children = (
				6FBCEED5240F3F49008EBD4A /* Base */,
			);
			name = LaunchScreen.storyboard;
			sourceTree = "<group>";
		};
/* End PBXVariantGroup section */

/* Begin XCBuildConfiguration section */
		6FBCEED8240F3F49008EBD4A /* Debug */ = {
			isa = XCBuildConfiguration;
			buildSettings = {
				ALWAYS_SEARCH_USER_PATHS = NO;
				CLANG_ANALYZER_NONNULL = YES;
				CLANG_ANALYZER_NUMBER_OBJECT_CONVERSION = YES_AGGRESSIVE;
				CLANG_CXX_LANGUAGE_STANDARD = "gnu++14";
				CLANG_CXX_LIBRARY = "libc++";
				CLANG_ENABLE_MODULES = YES;
				CLANG_ENABLE_OBJC_ARC = YES;
				CLANG_ENABLE_OBJC_WEAK = YES;
				CLANG_WARN_BLOCK_CAPTURE_AUTORELEASING = YES;
				CLANG_WARN_BOOL_CONVERSION = YES;
				CLANG_WARN_COMMA = YES;
				CLANG_WARN_CONSTANT_CONVERSION = YES;
				CLANG_WARN_DEPRECATED_OBJC_IMPLEMENTATIONS = YES;
				CLANG_WARN_DIRECT_OBJC_ISA_USAGE = YES_ERROR;
				CLANG_WARN_DOCUMENTATION_COMMENTS = YES;
				CLANG_WARN_EMPTY_BODY = YES;
				CLANG_WARN_ENUM_CONVERSION = YES;
				CLANG_WARN_INFINITE_RECURSION = YES;
				CLANG_WARN_INT_CONVERSION = YES;
				CLANG_WARN_NON_LITERAL_NULL_CONVERSION = YES;
				CLANG_WARN_OBJC_IMPLICIT_RETAIN_SELF = YES;
				CLANG_WARN_OBJC_LITERAL_CONVERSION = YES;
				CLANG_WARN_OBJC_ROOT_CLASS = YES_ERROR;
				CLANG_WARN_RANGE_LOOP_ANALYSIS = YES;
				CLANG_WARN_STRICT_PROTOTYPES = YES;
				CLANG_WARN_SUSPICIOUS_MOVE = YES;
				CLANG_WARN_UNGUARDED_AVAILABILITY = YES_AGGRESSIVE;
				CLANG_WARN_UNREACHABLE_CODE = YES;
				CLANG_WARN__DUPLICATE_METHOD_MATCH = YES;
				COPY_PHASE_STRIP = NO;
				DEBUG_INFORMATION_FORMAT = dwarf;
				ENABLE_STRICT_OBJC_MSGSEND = YES;
				ENABLE_TESTABILITY = YES;
				GCC_C_LANGUAGE_STANDARD = gnu11;
				GCC_DYNAMIC_NO_PIC = NO;
				GCC_NO_COMMON_BLOCKS = YES;
				GCC_OPTIMIZATION_LEVEL = 0;
				GCC_PREPROCESSOR_DEFINITIONS = (
					"DEBUG=1",
					"$(inherited)",
				);
				GCC_WARN_64_TO_32_BIT_CONVERSION = YES;
				GCC_WARN_ABOUT_RETURN_TYPE = YES_ERROR;
				GCC_WARN_UNDECLARED_SELECTOR = YES;
				GCC_WARN_UNINITIALIZED_AUTOS = YES_AGGRESSIVE;
				GCC_WARN_UNUSED_FUNCTION = YES;
				GCC_WARN_UNUSED_VARIABLE = YES;
				IPHONEOS_DEPLOYMENT_TARGET = 13.2;
				MTL_ENABLE_DEBUG_INFO = INCLUDE_SOURCE;
				MTL_FAST_MATH = YES;
				ONLY_ACTIVE_ARCH = YES;
				SDKROOT = iphoneos;
				SWIFT_ACTIVE_COMPILATION_CONDITIONS = DEBUG;
				SWIFT_OPTIMIZATION_LEVEL = "-Onone";
			};
			name = Debug;
		};
		6FBCEED9240F3F49008EBD4A /* Release */ = {
			isa = XCBuildConfiguration;
			buildSettings = {
				ALWAYS_SEARCH_USER_PATHS = NO;
				CLANG_ANALYZER_NONNULL = YES;
				CLANG_ANALYZER_NUMBER_OBJECT_CONVERSION = YES_AGGRESSIVE;
				CLANG_CXX_LANGUAGE_STANDARD = "gnu++14";
				CLANG_CXX_LIBRARY = "libc++";
				CLANG_ENABLE_MODULES = YES;
				CLANG_ENABLE_OBJC_ARC = YES;
				CLANG_ENABLE_OBJC_WEAK = YES;
				CLANG_WARN_BLOCK_CAPTURE_AUTORELEASING = YES;
				CLANG_WARN_BOOL_CONVERSION = YES;
				CLANG_WARN_COMMA = YES;
				CLANG_WARN_CONSTANT_CONVERSION = YES;
				CLANG_WARN_DEPRECATED_OBJC_IMPLEMENTATIONS = YES;
				CLANG_WARN_DIRECT_OBJC_ISA_USAGE = YES_ERROR;
				CLANG_WARN_DOCUMENTATION_COMMENTS = YES;
				CLANG_WARN_EMPTY_BODY = YES;
				CLANG_WARN_ENUM_CONVERSION = YES;
				CLANG_WARN_INFINITE_RECURSION = YES;
				CLANG_WARN_INT_CONVERSION = YES;
				CLANG_WARN_NON_LITERAL_NULL_CONVERSION = YES;
				CLANG_WARN_OBJC_IMPLICIT_RETAIN_SELF = YES;
				CLANG_WARN_OBJC_LITERAL_CONVERSION = YES;
				CLANG_WARN_OBJC_ROOT_CLASS = YES_ERROR;
				CLANG_WARN_RANGE_LOOP_ANALYSIS = YES;
				CLANG_WARN_STRICT_PROTOTYPES = YES;
				CLANG_WARN_SUSPICIOUS_MOVE = YES;
				CLANG_WARN_UNGUARDED_AVAILABILITY = YES_AGGRESSIVE;
				CLANG_WARN_UNREACHABLE_CODE = YES;
				CLANG_WARN__DUPLICATE_METHOD_MATCH = YES;
				COPY_PHASE_STRIP = NO;
				DEBUG_INFORMATION_FORMAT = "dwarf-with-dsym";
				ENABLE_NS_ASSERTIONS = NO;
				ENABLE_STRICT_OBJC_MSGSEND = YES;
				GCC_C_LANGUAGE_STANDARD = gnu11;
				GCC_NO_COMMON_BLOCKS = YES;
				GCC_WARN_64_TO_32_BIT_CONVERSION = YES;
				GCC_WARN_ABOUT_RETURN_TYPE = YES_ERROR;
				GCC_WARN_UNDECLARED_SELECTOR = YES;
				GCC_WARN_UNINITIALIZED_AUTOS = YES_AGGRESSIVE;
				GCC_WARN_UNUSED_FUNCTION = YES;
				GCC_WARN_UNUSED_VARIABLE = YES;
				IPHONEOS_DEPLOYMENT_TARGET = 13.2;
				MTL_ENABLE_DEBUG_INFO = NO;
				MTL_FAST_MATH = YES;
				SDKROOT = iphoneos;
				SWIFT_COMPILATION_MODE = wholemodule;
				SWIFT_OPTIMIZATION_LEVEL = "-O";
				VALIDATE_PRODUCT = YES;
			};
			name = Release;
		};
		6FBCEEDB240F3F49008EBD4A /* Debug */ = {
			isa = XCBuildConfiguration;
			buildSettings = {
				ASSETCATALOG_COMPILER_APPICON_NAME = AppIcon;
				CODE_SIGN_STYLE = Automatic;
				DEVELOPMENT_TEAM = ZRH2VDJPQR;
				INFOPLIST_FILE = RedditApp/Info.plist;
				LD_RUNPATH_SEARCH_PATHS = (
					"$(inherited)",
					"@executable_path/Frameworks",
				);
				PRODUCT_BUNDLE_IDENTIFIER = com.manuelemr.RedditApp;
				PRODUCT_NAME = "$(TARGET_NAME)";
				SWIFT_VERSION = 5.0;
				TARGETED_DEVICE_FAMILY = "1,2";
			};
			name = Debug;
		};
		6FBCEEDC240F3F49008EBD4A /* Release */ = {
			isa = XCBuildConfiguration;
			buildSettings = {
				ASSETCATALOG_COMPILER_APPICON_NAME = AppIcon;
				CODE_SIGN_STYLE = Automatic;
				DEVELOPMENT_TEAM = ZRH2VDJPQR;
				INFOPLIST_FILE = RedditApp/Info.plist;
				LD_RUNPATH_SEARCH_PATHS = (
					"$(inherited)",
					"@executable_path/Frameworks",
				);
				PRODUCT_BUNDLE_IDENTIFIER = com.manuelemr.RedditApp;
				PRODUCT_NAME = "$(TARGET_NAME)";
				SWIFT_VERSION = 5.0;
				TARGETED_DEVICE_FAMILY = "1,2";
			};
			name = Release;
		};
/* End XCBuildConfiguration section */

/* Begin XCConfigurationList section */
		6FBCEEC1240F3F44008EBD4A /* Build configuration list for PBXProject "RedditApp" */ = {
			isa = XCConfigurationList;
			buildConfigurations = (
				6FBCEED8240F3F49008EBD4A /* Debug */,
				6FBCEED9240F3F49008EBD4A /* Release */,
			);
			defaultConfigurationIsVisible = 0;
			defaultConfigurationName = Release;
		};
		6FBCEEDA240F3F49008EBD4A /* Build configuration list for PBXNativeTarget "RedditApp" */ = {
			isa = XCConfigurationList;
			buildConfigurations = (
				6FBCEEDB240F3F49008EBD4A /* Debug */,
				6FBCEEDC240F3F49008EBD4A /* Release */,
			);
			defaultConfigurationIsVisible = 0;
			defaultConfigurationName = Release;
		};
/* End XCConfigurationList section */
	};
	rootObject = 6FBCEEBE240F3F44008EBD4A /* Project object */;
}
